
Microsoft Visual Studio Solution File, Format Version 12.00
# Visual Studio 15
VisualStudioVersion = 15.0.26730.16
MinimumVisualStudioVersion = 10.0.40219.1
Project("{A07B5EB6-E848-4116-A8D0-A826331D98C6}") = "SimpleStateless", "SimpleStateless\SimpleStateless.sfproj", "{40F8979A-B6E3-4F5A-9202-F0D37D785C5A}"
EndProject
Project("{9A19103F-16F7-4668-BE54-9A1E7A4F7556}") = "WebAPI", "WebAPI\WebAPI.csproj", "{4922B862-D1CF-459C-A848-2A2F43905D61}"
EndProject
Global
	GlobalSection(SolutionConfigurationPlatforms) = preSolution
		Debug|Any CPU = Debug|Any CPU
		Debug|x64 = Debug|x64
		Release|Any CPU = Release|Any CPU
		Release|x64 = Release|x64
	EndGlobalSection
	GlobalSection(ProjectConfigurationPlatforms) = postSolution
		{40F8979A-B6E3-4F5A-9202-F0D37D785C5A}.Debug|Any CPU.ActiveCfg = Debug|x64
		{40F8979A-B6E3-4F5A-9202-F0D37D785C5A}.Debug|x64.ActiveCfg = Debug|x64
		{40F8979A-B6E3-4F5A-9202-F0D37D785C5A}.Debug|x64.Build.0 = Debug|x64
		{40F8979A-B6E3-4F5A-9202-F0D37D785C5A}.Debug|x64.Deploy.0 = Debug|x64
		{40F8979A-B6E3-4F5A-9202-F0D37D785C5A}.Release|Any CPU.ActiveCfg = Release|x64
		{40F8979A-B6E3-4F5A-9202-F0D37D785C5A}.Release|x64.ActiveCfg = Release|x64
		{40F8979A-B6E3-4F5A-9202-F0D37D785C5A}.Release|x64.Build.0 = Release|x64
		{40F8979A-B6E3-4F5A-9202-F0D37D785C5A}.Release|x64.Deploy.0 = Release|x64
		{4922B862-D1CF-459C-A848-2A2F43905D61}.Debug|Any CPU.ActiveCfg = Debug|Any CPU
		{4922B862-D1CF-459C-A848-2A2F43905D61}.Debug|Any CPU.Build.0 = Debug|Any CPU
		{4922B862-D1CF-459C-A848-2A2F43905D61}.Debug|x64.ActiveCfg = Debug|Any CPU
		{4922B862-D1CF-459C-A848-2A2F43905D61}.Debug|x64.Build.0 = Debug|Any CPU
		{4922B862-D1CF-459C-A848-2A2F43905D61}.Release|Any CPU.ActiveCfg = Release|Any CPU
		{4922B862-D1CF-459C-A848-2A2F43905D61}.Release|Any CPU.Build.0 = Release|Any CPU
		{4922B862-D1CF-459C-A848-2A2F43905D61}.Release|x64.ActiveCfg = Release|Any CPU
		{4922B862-D1CF-459C-A848-2A2F43905D61}.Release|x64.Build.0 = Release|Any CPU
	EndGlobalSection
	GlobalSection(SolutionProperties) = preSolution
		HideSolutionNode = FALSE
	EndGlobalSection
	GlobalSection(ExtensibilityGlobals) = postSolution
		SolutionGuid = {A6331A43-95D1-4D54-B5B8-253585D8EB87}
	EndGlobalSection
EndGlobal
