
Microsoft Visual Studio Solution File, Format Version 12.00
# Visual Studio 15
VisualStudioVersion = 15.0.26730.16
MinimumVisualStudioVersion = 10.0.40219.1
Project("{2150E333-8FDC-42A3-9474-1A3956D46DE8}") = "Solution Items", "Solution Items", "{AECD6C49-C2F5-4853-A66D-F2E936D269D7}"
	ProjectSection(SolutionItems) = preProject
		..\VMSSScaleTemplate\deploy.ps1 = ..\VMSSScaleTemplate\deploy.ps1
		..\VMSSScaleTemplate\empty-sfmanageddisk.parameters.json = ..\VMSSScaleTemplate\empty-sfmanageddisk.parameters.json
		..\VMSSScaleTemplate\sfmanageddisk-scale.json = ..\VMSSScaleTemplate\sfmanageddisk-scale.json
	EndProjectSection
EndProject
Global
	GlobalSection(SolutionProperties) = preSolution
		HideSolutionNode = FALSE
	EndGlobalSection
	GlobalSection(ExtensibilityGlobals) = postSolution
		SolutionGuid = {FB5A6DE6-35DA-43DD-A1FA-657A72436B78}
	EndGlobalSection
EndGlobal
